// !$*UTF8*$!
{
	archiveVersion = 1;
	classes = {
	};
	objectVersion = 56;
	objects = {

/* Begin PBXBuildFile section */
		E52696B92AC1F8CA00413ECA /* Wallet_WatcherApp.swift in Sources */ = {isa = PBXBuildFile; fileRef = E52696B82AC1F8CA00413ECA /* Wallet_WatcherApp.swift */; };
		E52696BB2AC1F8CA00413ECA /* ContentView.swift in Sources */ = {isa = PBXBuildFile; fileRef = E52696BA2AC1F8CA00413ECA /* ContentView.swift */; };
		E52696BF2AC1F8CB00413ECA /* Assets.xcassets in Resources */ = {isa = PBXBuildFile; fileRef = E52696BE2AC1F8CB00413ECA /* Assets.xcassets */; };
		E52696C22AC1F8CB00413ECA /* Preview Assets.xcassets in Resources */ = {isa = PBXBuildFile; fileRef = E52696C12AC1F8CB00413ECA /* Preview Assets.xcassets */; };
		E52696CC2AC1F8CB00413ECA /* Wallet_WatcherTests.swift in Sources */ = {isa = PBXBuildFile; fileRef = E52696CB2AC1F8CB00413ECA /* Wallet_WatcherTests.swift */; };
		E52696D62AC1F8CB00413ECA /* Wallet_WatcherUITests.swift in Sources */ = {isa = PBXBuildFile; fileRef = E52696D52AC1F8CB00413ECA /* Wallet_WatcherUITests.swift */; };
		E52696D82AC1F8CB00413ECA /* Wallet_WatcherUITestsLaunchTests.swift in Sources */ = {isa = PBXBuildFile; fileRef = E52696D72AC1F8CB00413ECA /* Wallet_WatcherUITestsLaunchTests.swift */; };
		E52696E52AC2077200413ECA /* Expense.swift in Sources */ = {isa = PBXBuildFile; fileRef = E52696E42AC2077200413ECA /* Expense.swift */; };
		E58CDDE52AC307E1004C949C /* DefaultLoader.swift in Sources */ = {isa = PBXBuildFile; fileRef = E58CDDE42AC307E1004C949C /* DefaultLoader.swift */; };
		E58CDDEA2AC32736004C949C /* ShortExpenseListView.swift in Sources */ = {isa = PBXBuildFile; fileRef = E58CDDE92AC32736004C949C /* ShortExpenseListView.swift */; };
		E58CDDEC2AC32A55004C949C /* ExpenseListItemView.swift in Sources */ = {isa = PBXBuildFile; fileRef = E58CDDEB2AC32A55004C949C /* ExpenseListItemView.swift */; };
		E58CDDEE2AC33087004C949C /* QuickExpense.swift in Sources */ = {isa = PBXBuildFile; fileRef = E58CDDED2AC33087004C949C /* QuickExpense.swift */; };
		E58CDDF02AC3436D004C949C /* ShortQuickListView.swift in Sources */ = {isa = PBXBuildFile; fileRef = E58CDDEF2AC3436D004C949C /* ShortQuickListView.swift */; };
		E58CDDF22AC344BE004C949C /* QuickListItemView.swift in Sources */ = {isa = PBXBuildFile; fileRef = E58CDDF12AC344BE004C949C /* QuickListItemView.swift */; };
		E58CDDF42AC34ED3004C949C /* FullQuickListView.swift in Sources */ = {isa = PBXBuildFile; fileRef = E58CDDF32AC34ED3004C949C /* FullQuickListView.swift */; };
		E58CDDF62AC35E6A004C949C /* WalletGaugeView.swift in Sources */ = {isa = PBXBuildFile; fileRef = E58CDDF52AC35E6A004C949C /* WalletGaugeView.swift */; };
		E58CDDF82AC36727004C949C /* Wallet.swift in Sources */ = {isa = PBXBuildFile; fileRef = E58CDDF72AC36727004C949C /* Wallet.swift */; };
		E58CDDFA2AC39D08004C949C /* TutorialView.swift in Sources */ = {isa = PBXBuildFile; fileRef = E58CDDF92AC39D08004C949C /* TutorialView.swift */; };
		E5B9A69B2AC21F4A00E3CAE8 /* NewExpenseView.swift in Sources */ = {isa = PBXBuildFile; fileRef = E5B9A69A2AC21F4A00E3CAE8 /* NewExpenseView.swift */; };
		E5B9A69F2AC223CE00E3CAE8 /* ExpenseDetailView.swift in Sources */ = {isa = PBXBuildFile; fileRef = E5B9A69E2AC223CE00E3CAE8 /* ExpenseDetailView.swift */; };
		E5B9A6A52AC2992500E3CAE8 /* FullExpenseListView.swift in Sources */ = {isa = PBXBuildFile; fileRef = E5B9A6A42AC2992500E3CAE8 /* FullExpenseListView.swift */; };
		E5B9A6A72AC2A32C00E3CAE8 /* SettingsView.swift in Sources */ = {isa = PBXBuildFile; fileRef = E5B9A6A62AC2A32C00E3CAE8 /* SettingsView.swift */; };
		E5C2ACD32AC5E5D8008D9BE8 /* WidgetKit.framework in Frameworks */ = {isa = PBXBuildFile; fileRef = E5C2ACD22AC5E5D8008D9BE8 /* WidgetKit.framework */; };
		E5C2ACD52AC5E5D8008D9BE8 /* SwiftUI.framework in Frameworks */ = {isa = PBXBuildFile; fileRef = E5C2ACD42AC5E5D8008D9BE8 /* SwiftUI.framework */; };
		E5C2ACD82AC5E5D8008D9BE8 /* WW_WidgetsBundle.swift in Sources */ = {isa = PBXBuildFile; fileRef = E5C2ACD72AC5E5D8008D9BE8 /* WW_WidgetsBundle.swift */; };
		E5C2ACDA2AC5E5D8008D9BE8 /* WW_WidgetsLiveActivity.swift in Sources */ = {isa = PBXBuildFile; fileRef = E5C2ACD92AC5E5D8008D9BE8 /* WW_WidgetsLiveActivity.swift */; };
		E5C2ACDC2AC5E5D8008D9BE8 /* WW_Widgets.swift in Sources */ = {isa = PBXBuildFile; fileRef = E5C2ACDB2AC5E5D8008D9BE8 /* WW_Widgets.swift */; };
		E5C2ACDE2AC5E5D8008D9BE8 /* AppIntent.swift in Sources */ = {isa = PBXBuildFile; fileRef = E5C2ACDD2AC5E5D8008D9BE8 /* AppIntent.swift */; };
		E5C2ACE02AC5E5D9008D9BE8 /* Assets.xcassets in Resources */ = {isa = PBXBuildFile; fileRef = E5C2ACDF2AC5E5D9008D9BE8 /* Assets.xcassets */; };
		E5C2ACE42AC5E5D9008D9BE8 /* WW_WidgetsExtension.appex in Embed Foundation Extensions */ = {isa = PBXBuildFile; fileRef = E5C2ACD02AC5E5D8008D9BE8 /* WW_WidgetsExtension.appex */; settings = {ATTRIBUTES = (RemoveHeadersOnCopy, ); }; };
		E5C2AD052AC61BC8008D9BE8 /* WidgetKit.framework in Frameworks */ = {isa = PBXBuildFile; fileRef = E5C2ACD22AC5E5D8008D9BE8 /* WidgetKit.framework */; };
		E5C2AD062AC61BC8008D9BE8 /* SwiftUI.framework in Frameworks */ = {isa = PBXBuildFile; fileRef = E5C2ACD42AC5E5D8008D9BE8 /* SwiftUI.framework */; };
		E5C2AD092AC61BC8008D9BE8 /* WWWidgetsBundle.swift in Sources */ = {isa = PBXBuildFile; fileRef = E5C2AD082AC61BC8008D9BE8 /* WWWidgetsBundle.swift */; };
		E5C2AD0B2AC61BC8008D9BE8 /* WWWidgetsLiveActivity.swift in Sources */ = {isa = PBXBuildFile; fileRef = E5C2AD0A2AC61BC8008D9BE8 /* WWWidgetsLiveActivity.swift */; };
		E5C2AD0D2AC61BC8008D9BE8 /* WalletStatusWidget.swift in Sources */ = {isa = PBXBuildFile; fileRef = E5C2AD0C2AC61BC8008D9BE8 /* WalletStatusWidget.swift */; };
		E5C2AD132AC61BC9008D9BE8 /* WWWidgetsExtension.appex in Embed Foundation Extensions */ = {isa = PBXBuildFile; fileRef = E5C2AD042AC61BC8008D9BE8 /* WWWidgetsExtension.appex */; settings = {ATTRIBUTES = (RemoveHeadersOnCopy, ); }; };
		E5C2AD2D2AC62854008D9BE8 /* Wallet.swift in Sources */ = {isa = PBXBuildFile; fileRef = E58CDDF72AC36727004C949C /* Wallet.swift */; };
		E5C2AD2E2AC62B10008D9BE8 /* QuickExpense.swift in Sources */ = {isa = PBXBuildFile; fileRef = E58CDDED2AC33087004C949C /* QuickExpense.swift */; };
		E5C2AD2F2AC62B16008D9BE8 /* Expense.swift in Sources */ = {isa = PBXBuildFile; fileRef = E52696E42AC2077200413ECA /* Expense.swift */; };
		E5C2AD312AC64362008D9BE8 /* WalletGaugeView.swift in Sources */ = {isa = PBXBuildFile; fileRef = E58CDDF52AC35E6A004C949C /* WalletGaugeView.swift */; };
		E5C2AD322AC649A9008D9BE8 /* Assets.xcassets in Resources */ = {isa = PBXBuildFile; fileRef = E52696BE2AC1F8CB00413ECA /* Assets.xcassets */; };
		E5C2AD342AC64B26008D9BE8 /* SmallWalletGaugeView.swift in Sources */ = {isa = PBXBuildFile; fileRef = E5C2AD332AC64B26008D9BE8 /* SmallWalletGaugeView.swift */; };
		E5C2AD352AC64B26008D9BE8 /* SmallWalletGaugeView.swift in Sources */ = {isa = PBXBuildFile; fileRef = E5C2AD332AC64B26008D9BE8 /* SmallWalletGaugeView.swift */; };
/* End PBXBuildFile section */

/* Begin PBXContainerItemProxy section */
		E52696C82AC1F8CB00413ECA /* PBXContainerItemProxy */ = {
			isa = PBXContainerItemProxy;
			containerPortal = E52696AD2AC1F8CA00413ECA /* Project object */;
			proxyType = 1;
			remoteGlobalIDString = E52696B42AC1F8CA00413ECA;
			remoteInfo = "Wallet Watcher";
		};
		E52696D22AC1F8CB00413ECA /* PBXContainerItemProxy */ = {
			isa = PBXContainerItemProxy;
			containerPortal = E52696AD2AC1F8CA00413ECA /* Project object */;
			proxyType = 1;
			remoteGlobalIDString = E52696B42AC1F8CA00413ECA;
			remoteInfo = "Wallet Watcher";
		};
		E5C2ACE22AC5E5D9008D9BE8 /* PBXContainerItemProxy */ = {
			isa = PBXContainerItemProxy;
			containerPortal = E52696AD2AC1F8CA00413ECA /* Project object */;
			proxyType = 1;
			remoteGlobalIDString = E5C2ACCF2AC5E5D8008D9BE8;
			remoteInfo = WW_WidgetsExtension;
		};
		E5C2AD112AC61BC9008D9BE8 /* PBXContainerItemProxy */ = {
			isa = PBXContainerItemProxy;
			containerPortal = E52696AD2AC1F8CA00413ECA /* Project object */;
			proxyType = 1;
			remoteGlobalIDString = E5C2AD032AC61BC8008D9BE8;
			remoteInfo = WWWidgetsExtension;
		};
/* End PBXContainerItemProxy section */

/* Begin PBXCopyFilesBuildPhase section */
		E5C2ACE52AC5E5D9008D9BE8 /* Embed Foundation Extensions */ = {
			isa = PBXCopyFilesBuildPhase;
			buildActionMask = 2147483647;
			dstPath = "";
			dstSubfolderSpec = 13;
			files = (
				E5C2AD132AC61BC9008D9BE8 /* WWWidgetsExtension.appex in Embed Foundation Extensions */,
				E5C2ACE42AC5E5D9008D9BE8 /* WW_WidgetsExtension.appex in Embed Foundation Extensions */,
			);
			name = "Embed Foundation Extensions";
			runOnlyForDeploymentPostprocessing = 0;
		};
/* End PBXCopyFilesBuildPhase section */

/* Begin PBXFileReference section */
		E52696B52AC1F8CA00413ECA /* Wallet Watcher.app */ = {isa = PBXFileReference; explicitFileType = wrapper.application; includeInIndex = 0; path = "Wallet Watcher.app"; sourceTree = BUILT_PRODUCTS_DIR; };
		E52696B82AC1F8CA00413ECA /* Wallet_WatcherApp.swift */ = {isa = PBXFileReference; lastKnownFileType = sourcecode.swift; path = Wallet_WatcherApp.swift; sourceTree = "<group>"; };
		E52696BA2AC1F8CA00413ECA /* ContentView.swift */ = {isa = PBXFileReference; lastKnownFileType = sourcecode.swift; path = ContentView.swift; sourceTree = "<group>"; };
		E52696BE2AC1F8CB00413ECA /* Assets.xcassets */ = {isa = PBXFileReference; lastKnownFileType = folder.assetcatalog; path = Assets.xcassets; sourceTree = "<group>"; };
		E52696C12AC1F8CB00413ECA /* Preview Assets.xcassets */ = {isa = PBXFileReference; lastKnownFileType = folder.assetcatalog; path = "Preview Assets.xcassets"; sourceTree = "<group>"; };
		E52696C72AC1F8CB00413ECA /* Wallet WatcherTests.xctest */ = {isa = PBXFileReference; explicitFileType = wrapper.cfbundle; includeInIndex = 0; path = "Wallet WatcherTests.xctest"; sourceTree = BUILT_PRODUCTS_DIR; };
		E52696CB2AC1F8CB00413ECA /* Wallet_WatcherTests.swift */ = {isa = PBXFileReference; lastKnownFileType = sourcecode.swift; path = Wallet_WatcherTests.swift; sourceTree = "<group>"; };
		E52696D12AC1F8CB00413ECA /* Wallet WatcherUITests.xctest */ = {isa = PBXFileReference; explicitFileType = wrapper.cfbundle; includeInIndex = 0; path = "Wallet WatcherUITests.xctest"; sourceTree = BUILT_PRODUCTS_DIR; };
		E52696D52AC1F8CB00413ECA /* Wallet_WatcherUITests.swift */ = {isa = PBXFileReference; lastKnownFileType = sourcecode.swift; path = Wallet_WatcherUITests.swift; sourceTree = "<group>"; };
		E52696D72AC1F8CB00413ECA /* Wallet_WatcherUITestsLaunchTests.swift */ = {isa = PBXFileReference; lastKnownFileType = sourcecode.swift; path = Wallet_WatcherUITestsLaunchTests.swift; sourceTree = "<group>"; };
		E52696E42AC2077200413ECA /* Expense.swift */ = {isa = PBXFileReference; lastKnownFileType = sourcecode.swift; path = Expense.swift; sourceTree = "<group>"; };
		E58CDDE42AC307E1004C949C /* DefaultLoader.swift */ = {isa = PBXFileReference; lastKnownFileType = sourcecode.swift; path = DefaultLoader.swift; sourceTree = "<group>"; };
		E58CDDE92AC32736004C949C /* ShortExpenseListView.swift */ = {isa = PBXFileReference; lastKnownFileType = sourcecode.swift; path = ShortExpenseListView.swift; sourceTree = "<group>"; };
		E58CDDEB2AC32A55004C949C /* ExpenseListItemView.swift */ = {isa = PBXFileReference; lastKnownFileType = sourcecode.swift; path = ExpenseListItemView.swift; sourceTree = "<group>"; };
		E58CDDED2AC33087004C949C /* QuickExpense.swift */ = {isa = PBXFileReference; lastKnownFileType = sourcecode.swift; path = QuickExpense.swift; sourceTree = "<group>"; };
		E58CDDEF2AC3436D004C949C /* ShortQuickListView.swift */ = {isa = PBXFileReference; lastKnownFileType = sourcecode.swift; path = ShortQuickListView.swift; sourceTree = "<group>"; };
		E58CDDF12AC344BE004C949C /* QuickListItemView.swift */ = {isa = PBXFileReference; lastKnownFileType = sourcecode.swift; path = QuickListItemView.swift; sourceTree = "<group>"; };
		E58CDDF32AC34ED3004C949C /* FullQuickListView.swift */ = {isa = PBXFileReference; lastKnownFileType = sourcecode.swift; path = FullQuickListView.swift; sourceTree = "<group>"; };
		E58CDDF52AC35E6A004C949C /* WalletGaugeView.swift */ = {isa = PBXFileReference; lastKnownFileType = sourcecode.swift; path = WalletGaugeView.swift; sourceTree = "<group>"; };
		E58CDDF72AC36727004C949C /* Wallet.swift */ = {isa = PBXFileReference; lastKnownFileType = sourcecode.swift; path = Wallet.swift; sourceTree = "<group>"; };
		E58CDDF92AC39D08004C949C /* TutorialView.swift */ = {isa = PBXFileReference; lastKnownFileType = sourcecode.swift; path = TutorialView.swift; sourceTree = "<group>"; };
		E5B9A69A2AC21F4A00E3CAE8 /* NewExpenseView.swift */ = {isa = PBXFileReference; lastKnownFileType = sourcecode.swift; path = NewExpenseView.swift; sourceTree = "<group>"; };
		E5B9A69E2AC223CE00E3CAE8 /* ExpenseDetailView.swift */ = {isa = PBXFileReference; lastKnownFileType = sourcecode.swift; path = ExpenseDetailView.swift; sourceTree = "<group>"; };
		E5B9A6A42AC2992500E3CAE8 /* FullExpenseListView.swift */ = {isa = PBXFileReference; lastKnownFileType = sourcecode.swift; path = FullExpenseListView.swift; sourceTree = "<group>"; };
		E5B9A6A62AC2A32C00E3CAE8 /* SettingsView.swift */ = {isa = PBXFileReference; lastKnownFileType = sourcecode.swift; path = SettingsView.swift; sourceTree = "<group>"; };
		E5C2ACD02AC5E5D8008D9BE8 /* WW_WidgetsExtension.appex */ = {isa = PBXFileReference; explicitFileType = "wrapper.app-extension"; includeInIndex = 0; path = WW_WidgetsExtension.appex; sourceTree = BUILT_PRODUCTS_DIR; };
		E5C2ACD22AC5E5D8008D9BE8 /* WidgetKit.framework */ = {isa = PBXFileReference; lastKnownFileType = wrapper.framework; name = WidgetKit.framework; path = System/Library/Frameworks/WidgetKit.framework; sourceTree = SDKROOT; };
		E5C2ACD42AC5E5D8008D9BE8 /* SwiftUI.framework */ = {isa = PBXFileReference; lastKnownFileType = wrapper.framework; name = SwiftUI.framework; path = System/Library/Frameworks/SwiftUI.framework; sourceTree = SDKROOT; };
		E5C2ACD72AC5E5D8008D9BE8 /* WW_WidgetsBundle.swift */ = {isa = PBXFileReference; lastKnownFileType = sourcecode.swift; path = WW_WidgetsBundle.swift; sourceTree = "<group>"; };
		E5C2ACD92AC5E5D8008D9BE8 /* WW_WidgetsLiveActivity.swift */ = {isa = PBXFileReference; lastKnownFileType = sourcecode.swift; path = WW_WidgetsLiveActivity.swift; sourceTree = "<group>"; };
		E5C2ACDB2AC5E5D8008D9BE8 /* WW_Widgets.swift */ = {isa = PBXFileReference; lastKnownFileType = sourcecode.swift; path = WW_Widgets.swift; sourceTree = "<group>"; };
		E5C2ACDD2AC5E5D8008D9BE8 /* AppIntent.swift */ = {isa = PBXFileReference; lastKnownFileType = sourcecode.swift; path = AppIntent.swift; sourceTree = "<group>"; };
		E5C2ACDF2AC5E5D9008D9BE8 /* Assets.xcassets */ = {isa = PBXFileReference; lastKnownFileType = folder.assetcatalog; path = Assets.xcassets; sourceTree = "<group>"; };
		E5C2ACE12AC5E5D9008D9BE8 /* Info.plist */ = {isa = PBXFileReference; lastKnownFileType = text.plist.xml; path = Info.plist; sourceTree = "<group>"; };
		E5C2AD042AC61BC8008D9BE8 /* WWWidgetsExtension.appex */ = {isa = PBXFileReference; explicitFileType = "wrapper.app-extension"; includeInIndex = 0; path = WWWidgetsExtension.appex; sourceTree = BUILT_PRODUCTS_DIR; };
		E5C2AD082AC61BC8008D9BE8 /* WWWidgetsBundle.swift */ = {isa = PBXFileReference; lastKnownFileType = sourcecode.swift; path = WWWidgetsBundle.swift; sourceTree = "<group>"; };
		E5C2AD0A2AC61BC8008D9BE8 /* WWWidgetsLiveActivity.swift */ = {isa = PBXFileReference; lastKnownFileType = sourcecode.swift; path = WWWidgetsLiveActivity.swift; sourceTree = "<group>"; };
		E5C2AD0C2AC61BC8008D9BE8 /* WalletStatusWidget.swift */ = {isa = PBXFileReference; lastKnownFileType = sourcecode.swift; path = WalletStatusWidget.swift; sourceTree = "<group>"; };
		E5C2AD102AC61BC9008D9BE8 /* Info.plist */ = {isa = PBXFileReference; lastKnownFileType = text.plist.xml; path = Info.plist; sourceTree = "<group>"; };
		E5C2AD2B2AC626E7008D9BE8 /* Wallet Watcher.entitlements */ = {isa = PBXFileReference; lastKnownFileType = text.plist.entitlements; path = "Wallet Watcher.entitlements"; sourceTree = "<group>"; };
		E5C2AD2C2AC62797008D9BE8 /* WWWidgetsExtension.entitlements */ = {isa = PBXFileReference; lastKnownFileType = text.plist.entitlements; path = WWWidgetsExtension.entitlements; sourceTree = "<group>"; };
		E5C2AD332AC64B26008D9BE8 /* SmallWalletGaugeView.swift */ = {isa = PBXFileReference; lastKnownFileType = sourcecode.swift; path = SmallWalletGaugeView.swift; sourceTree = "<group>"; };
/* End PBXFileReference section */

/* Begin PBXFrameworksBuildPhase section */
		E52696B22AC1F8CA00413ECA /* Frameworks */ = {
			isa = PBXFrameworksBuildPhase;
			buildActionMask = 2147483647;
			files = (
			);
			runOnlyForDeploymentPostprocessing = 0;
		};
		E52696C42AC1F8CB00413ECA /* Frameworks */ = {
			isa = PBXFrameworksBuildPhase;
			buildActionMask = 2147483647;
			files = (
			);
			runOnlyForDeploymentPostprocessing = 0;
		};
		E52696CE2AC1F8CB00413ECA /* Frameworks */ = {
			isa = PBXFrameworksBuildPhase;
			buildActionMask = 2147483647;
			files = (
			);
			runOnlyForDeploymentPostprocessing = 0;
		};
		E5C2ACCD2AC5E5D8008D9BE8 /* Frameworks */ = {
			isa = PBXFrameworksBuildPhase;
			buildActionMask = 2147483647;
			files = (
				E5C2ACD52AC5E5D8008D9BE8 /* SwiftUI.framework in Frameworks */,
				E5C2ACD32AC5E5D8008D9BE8 /* WidgetKit.framework in Frameworks */,
			);
			runOnlyForDeploymentPostprocessing = 0;
		};
		E5C2AD012AC61BC8008D9BE8 /* Frameworks */ = {
			isa = PBXFrameworksBuildPhase;
			buildActionMask = 2147483647;
			files = (
				E5C2AD062AC61BC8008D9BE8 /* SwiftUI.framework in Frameworks */,
				E5C2AD052AC61BC8008D9BE8 /* WidgetKit.framework in Frameworks */,
			);
			runOnlyForDeploymentPostprocessing = 0;
		};
/* End PBXFrameworksBuildPhase section */

/* Begin PBXGroup section */
		E52696AC2AC1F8CA00413ECA = {
			isa = PBXGroup;
			children = (
				E5C2AD302AC631C8008D9BE8 /* Shared */,
				E5C2AD2C2AC62797008D9BE8 /* WWWidgetsExtension.entitlements */,
				E52696B72AC1F8CA00413ECA /* Wallet Watcher */,
				E52696CA2AC1F8CB00413ECA /* Wallet WatcherTests */,
				E52696D42AC1F8CB00413ECA /* Wallet WatcherUITests */,
				E5C2ACD62AC5E5D8008D9BE8 /* WW_Widgets */,
				E5C2AD072AC61BC8008D9BE8 /* WWWidgets */,
				E5C2ACD12AC5E5D8008D9BE8 /* Frameworks */,
				E52696B62AC1F8CA00413ECA /* Products */,
			);
			sourceTree = "<group>";
		};
		E52696B62AC1F8CA00413ECA /* Products */ = {
			isa = PBXGroup;
			children = (
				E52696B52AC1F8CA00413ECA /* Wallet Watcher.app */,
				E52696C72AC1F8CB00413ECA /* Wallet WatcherTests.xctest */,
				E52696D12AC1F8CB00413ECA /* Wallet WatcherUITests.xctest */,
				E5C2ACD02AC5E5D8008D9BE8 /* WW_WidgetsExtension.appex */,
				E5C2AD042AC61BC8008D9BE8 /* WWWidgetsExtension.appex */,
			);
			name = Products;
			sourceTree = "<group>";
		};
		E52696B72AC1F8CA00413ECA /* Wallet Watcher */ = {
			isa = PBXGroup;
			children = (
				E5C2AD2B2AC626E7008D9BE8 /* Wallet Watcher.entitlements */,
				E52696B82AC1F8CA00413ECA /* Wallet_WatcherApp.swift */,
				E52696BA2AC1F8CA00413ECA /* ContentView.swift */,
				E58CDDE42AC307E1004C949C /* DefaultLoader.swift */,
				E5B9A69A2AC21F4A00E3CAE8 /* NewExpenseView.swift */,
				E58CDDF12AC344BE004C949C /* QuickListItemView.swift */,
				E5B9A6A42AC2992500E3CAE8 /* FullExpenseListView.swift */,
				E58CDDE92AC32736004C949C /* ShortExpenseListView.swift */,
				E58CDDF32AC34ED3004C949C /* FullQuickListView.swift */,
				E5B9A6A62AC2A32C00E3CAE8 /* SettingsView.swift */,
				E58CDDEF2AC3436D004C949C /* ShortQuickListView.swift */,
				E58CDDF92AC39D08004C949C /* TutorialView.swift */,
				E58CDDEB2AC32A55004C949C /* ExpenseListItemView.swift */,
				E5B9A69E2AC223CE00E3CAE8 /* ExpenseDetailView.swift */,
				E52696C02AC1F8CB00413ECA /* Preview Content */,
			);
			path = "Wallet Watcher";
			sourceTree = "<group>";
		};
		E52696C02AC1F8CB00413ECA /* Preview Content */ = {
			isa = PBXGroup;
			children = (
				E52696C12AC1F8CB00413ECA /* Preview Assets.xcassets */,
			);
			path = "Preview Content";
			sourceTree = "<group>";
		};
		E52696CA2AC1F8CB00413ECA /* Wallet WatcherTests */ = {
			isa = PBXGroup;
			children = (
				E52696CB2AC1F8CB00413ECA /* Wallet_WatcherTests.swift */,
			);
			path = "Wallet WatcherTests";
			sourceTree = "<group>";
		};
		E52696D42AC1F8CB00413ECA /* Wallet WatcherUITests */ = {
			isa = PBXGroup;
			children = (
				E52696D52AC1F8CB00413ECA /* Wallet_WatcherUITests.swift */,
				E52696D72AC1F8CB00413ECA /* Wallet_WatcherUITestsLaunchTests.swift */,
			);
			path = "Wallet WatcherUITests";
			sourceTree = "<group>";
		};
		E5C2ACD12AC5E5D8008D9BE8 /* Frameworks */ = {
			isa = PBXGroup;
			children = (
				E5C2ACD22AC5E5D8008D9BE8 /* WidgetKit.framework */,
				E5C2ACD42AC5E5D8008D9BE8 /* SwiftUI.framework */,
			);
			name = Frameworks;
			sourceTree = "<group>";
		};
		E5C2ACD62AC5E5D8008D9BE8 /* WW_Widgets */ = {
			isa = PBXGroup;
			children = (
				E5C2ACD72AC5E5D8008D9BE8 /* WW_WidgetsBundle.swift */,
				E5C2ACD92AC5E5D8008D9BE8 /* WW_WidgetsLiveActivity.swift */,
				E5C2ACDB2AC5E5D8008D9BE8 /* WW_Widgets.swift */,
				E5C2ACDD2AC5E5D8008D9BE8 /* AppIntent.swift */,
				E5C2ACDF2AC5E5D9008D9BE8 /* Assets.xcassets */,
				E5C2ACE12AC5E5D9008D9BE8 /* Info.plist */,
			);
			path = WW_Widgets;
			sourceTree = "<group>";
		};
		E5C2AD072AC61BC8008D9BE8 /* WWWidgets */ = {
			isa = PBXGroup;
			children = (
				E5C2AD082AC61BC8008D9BE8 /* WWWidgetsBundle.swift */,
				E5C2AD0A2AC61BC8008D9BE8 /* WWWidgetsLiveActivity.swift */,
				E5C2AD0C2AC61BC8008D9BE8 /* WalletStatusWidget.swift */,
				E5C2AD102AC61BC9008D9BE8 /* Info.plist */,
			);
			path = WWWidgets;
			sourceTree = "<group>";
		};
		E5C2AD302AC631C8008D9BE8 /* Shared */ = {
			isa = PBXGroup;
			children = (
				E52696E42AC2077200413ECA /* Expense.swift */,
				E58CDDF72AC36727004C949C /* Wallet.swift */,
				E58CDDED2AC33087004C949C /* QuickExpense.swift */,
				E58CDDF52AC35E6A004C949C /* WalletGaugeView.swift */,
				E5C2AD332AC64B26008D9BE8 /* SmallWalletGaugeView.swift */,
				E52696BE2AC1F8CB00413ECA /* Assets.xcassets */,
			);
			path = Shared;
			sourceTree = "<group>";
		};
/* End PBXGroup section */

/* Begin PBXNativeTarget section */
		E52696B42AC1F8CA00413ECA /* Wallet Watcher */ = {
			isa = PBXNativeTarget;
			buildConfigurationList = E52696DB2AC1F8CB00413ECA /* Build configuration list for PBXNativeTarget "Wallet Watcher" */;
			buildPhases = (
				E52696B12AC1F8CA00413ECA /* Sources */,
				E52696B22AC1F8CA00413ECA /* Frameworks */,
				E52696B32AC1F8CA00413ECA /* Resources */,
				E5C2ACE52AC5E5D9008D9BE8 /* Embed Foundation Extensions */,
			);
			buildRules = (
			);
			dependencies = (
				E5C2ACE32AC5E5D9008D9BE8 /* PBXTargetDependency */,
				E5C2AD122AC61BC9008D9BE8 /* PBXTargetDependency */,
			);
			name = "Wallet Watcher";
			productName = "Wallet Watcher";
			productReference = E52696B52AC1F8CA00413ECA /* Wallet Watcher.app */;
			productType = "com.apple.product-type.application";
		};
		E52696C62AC1F8CB00413ECA /* Wallet WatcherTests */ = {
			isa = PBXNativeTarget;
			buildConfigurationList = E52696DE2AC1F8CB00413ECA /* Build configuration list for PBXNativeTarget "Wallet WatcherTests" */;
			buildPhases = (
				E52696C32AC1F8CB00413ECA /* Sources */,
				E52696C42AC1F8CB00413ECA /* Frameworks */,
				E52696C52AC1F8CB00413ECA /* Resources */,
			);
			buildRules = (
			);
			dependencies = (
				E52696C92AC1F8CB00413ECA /* PBXTargetDependency */,
			);
			name = "Wallet WatcherTests";
			productName = "Wallet WatcherTests";
			productReference = E52696C72AC1F8CB00413ECA /* Wallet WatcherTests.xctest */;
			productType = "com.apple.product-type.bundle.unit-test";
		};
		E52696D02AC1F8CB00413ECA /* Wallet WatcherUITests */ = {
			isa = PBXNativeTarget;
			buildConfigurationList = E52696E12AC1F8CB00413ECA /* Build configuration list for PBXNativeTarget "Wallet WatcherUITests" */;
			buildPhases = (
				E52696CD2AC1F8CB00413ECA /* Sources */,
				E52696CE2AC1F8CB00413ECA /* Frameworks */,
				E52696CF2AC1F8CB00413ECA /* Resources */,
			);
			buildRules = (
			);
			dependencies = (
				E52696D32AC1F8CB00413ECA /* PBXTargetDependency */,
			);
			name = "Wallet WatcherUITests";
			productName = "Wallet WatcherUITests";
			productReference = E52696D12AC1F8CB00413ECA /* Wallet WatcherUITests.xctest */;
			productType = "com.apple.product-type.bundle.ui-testing";
		};
		E5C2ACCF2AC5E5D8008D9BE8 /* WW_WidgetsExtension */ = {
			isa = PBXNativeTarget;
			buildConfigurationList = E5C2ACE82AC5E5D9008D9BE8 /* Build configuration list for PBXNativeTarget "WW_WidgetsExtension" */;
			buildPhases = (
				E5C2ACCC2AC5E5D8008D9BE8 /* Sources */,
				E5C2ACCD2AC5E5D8008D9BE8 /* Frameworks */,
				E5C2ACCE2AC5E5D8008D9BE8 /* Resources */,
			);
			buildRules = (
			);
			dependencies = (
			);
			name = WW_WidgetsExtension;
			productName = WW_WidgetsExtension;
			productReference = E5C2ACD02AC5E5D8008D9BE8 /* WW_WidgetsExtension.appex */;
			productType = "com.apple.product-type.app-extension";
		};
		E5C2AD032AC61BC8008D9BE8 /* WWWidgetsExtension */ = {
			isa = PBXNativeTarget;
			buildConfigurationList = E5C2AD162AC61BC9008D9BE8 /* Build configuration list for PBXNativeTarget "WWWidgetsExtension" */;
			buildPhases = (
				E5C2AD002AC61BC8008D9BE8 /* Sources */,
				E5C2AD012AC61BC8008D9BE8 /* Frameworks */,
				E5C2AD022AC61BC8008D9BE8 /* Resources */,
			);
			buildRules = (
			);
			dependencies = (
			);
			name = WWWidgetsExtension;
			productName = WWWidgetsExtension;
			productReference = E5C2AD042AC61BC8008D9BE8 /* WWWidgetsExtension.appex */;
			productType = "com.apple.product-type.app-extension";
		};
/* End PBXNativeTarget section */

/* Begin PBXProject section */
		E52696AD2AC1F8CA00413ECA /* Project object */ = {
			isa = PBXProject;
			attributes = {
				BuildIndependentTargetsInParallel = 1;
				LastSwiftUpdateCheck = 1500;
				LastUpgradeCheck = 1500;
				TargetAttributes = {
					E52696B42AC1F8CA00413ECA = {
						CreatedOnToolsVersion = 15.0;
					};
					E52696C62AC1F8CB00413ECA = {
						CreatedOnToolsVersion = 15.0;
						TestTargetID = E52696B42AC1F8CA00413ECA;
					};
					E52696D02AC1F8CB00413ECA = {
						CreatedOnToolsVersion = 15.0;
						TestTargetID = E52696B42AC1F8CA00413ECA;
					};
					E5C2ACCF2AC5E5D8008D9BE8 = {
						CreatedOnToolsVersion = 15.0;
					};
					E5C2AD032AC61BC8008D9BE8 = {
						CreatedOnToolsVersion = 15.0;
					};
				};
			};
			buildConfigurationList = E52696B02AC1F8CA00413ECA /* Build configuration list for PBXProject "Wallet Watcher" */;
			compatibilityVersion = "Xcode 14.0";
			developmentRegion = en;
			hasScannedForEncodings = 0;
			knownRegions = (
				en,
				Base,
			);
			mainGroup = E52696AC2AC1F8CA00413ECA;
			productRefGroup = E52696B62AC1F8CA00413ECA /* Products */;
			projectDirPath = "";
			projectRoot = "";
			targets = (
				E52696B42AC1F8CA00413ECA /* Wallet Watcher */,
				E52696C62AC1F8CB00413ECA /* Wallet WatcherTests */,
				E52696D02AC1F8CB00413ECA /* Wallet WatcherUITests */,
				E5C2ACCF2AC5E5D8008D9BE8 /* WW_WidgetsExtension */,
				E5C2AD032AC61BC8008D9BE8 /* WWWidgetsExtension */,
			);
		};
/* End PBXProject section */

/* Begin PBXResourcesBuildPhase section */
		E52696B32AC1F8CA00413ECA /* Resources */ = {
			isa = PBXResourcesBuildPhase;
			buildActionMask = 2147483647;
			files = (
				E52696C22AC1F8CB00413ECA /* Preview Assets.xcassets in Resources */,
				E52696BF2AC1F8CB00413ECA /* Assets.xcassets in Resources */,
			);
			runOnlyForDeploymentPostprocessing = 0;
		};
		E52696C52AC1F8CB00413ECA /* Resources */ = {
			isa = PBXResourcesBuildPhase;
			buildActionMask = 2147483647;
			files = (
			);
			runOnlyForDeploymentPostprocessing = 0;
		};
		E52696CF2AC1F8CB00413ECA /* Resources */ = {
			isa = PBXResourcesBuildPhase;
			buildActionMask = 2147483647;
			files = (
			);
			runOnlyForDeploymentPostprocessing = 0;
		};
		E5C2ACCE2AC5E5D8008D9BE8 /* Resources */ = {
			isa = PBXResourcesBuildPhase;
			buildActionMask = 2147483647;
			files = (
				E5C2ACE02AC5E5D9008D9BE8 /* Assets.xcassets in Resources */,
			);
			runOnlyForDeploymentPostprocessing = 0;
		};
		E5C2AD022AC61BC8008D9BE8 /* Resources */ = {
			isa = PBXResourcesBuildPhase;
			buildActionMask = 2147483647;
			files = (
				E5C2AD322AC649A9008D9BE8 /* Assets.xcassets in Resources */,
			);
			runOnlyForDeploymentPostprocessing = 0;
		};
/* End PBXResourcesBuildPhase section */

/* Begin PBXSourcesBuildPhase section */
		E52696B12AC1F8CA00413ECA /* Sources */ = {
			isa = PBXSourcesBuildPhase;
			buildActionMask = 2147483647;
			files = (
				E58CDDF82AC36727004C949C /* Wallet.swift in Sources */,
				E52696E52AC2077200413ECA /* Expense.swift in Sources */,
				E58CDDE52AC307E1004C949C /* DefaultLoader.swift in Sources */,
				E5B9A69F2AC223CE00E3CAE8 /* ExpenseDetailView.swift in Sources */,
				E58CDDF42AC34ED3004C949C /* FullQuickListView.swift in Sources */,
				E5C2AD342AC64B26008D9BE8 /* SmallWalletGaugeView.swift in Sources */,
				E52696BB2AC1F8CA00413ECA /* ContentView.swift in Sources */,
				E58CDDEA2AC32736004C949C /* ShortExpenseListView.swift in Sources */,
				E58CDDF02AC3436D004C949C /* ShortQuickListView.swift in Sources */,
				E58CDDF22AC344BE004C949C /* QuickListItemView.swift in Sources */,
				E5B9A6A72AC2A32C00E3CAE8 /* SettingsView.swift in Sources */,
				E5B9A69B2AC21F4A00E3CAE8 /* NewExpenseView.swift in Sources */,
				E58CDDFA2AC39D08004C949C /* TutorialView.swift in Sources */,
				E58CDDEC2AC32A55004C949C /* ExpenseListItemView.swift in Sources */,
				E58CDDF62AC35E6A004C949C /* WalletGaugeView.swift in Sources */,
				E58CDDEE2AC33087004C949C /* QuickExpense.swift in Sources */,
				E52696B92AC1F8CA00413ECA /* Wallet_WatcherApp.swift in Sources */,
				E5B9A6A52AC2992500E3CAE8 /* FullExpenseListView.swift in Sources */,
			);
			runOnlyForDeploymentPostprocessing = 0;
		};
		E52696C32AC1F8CB00413ECA /* Sources */ = {
			isa = PBXSourcesBuildPhase;
			buildActionMask = 2147483647;
			files = (
				E52696CC2AC1F8CB00413ECA /* Wallet_WatcherTests.swift in Sources */,
			);
			runOnlyForDeploymentPostprocessing = 0;
		};
		E52696CD2AC1F8CB00413ECA /* Sources */ = {
			isa = PBXSourcesBuildPhase;
			buildActionMask = 2147483647;
			files = (
				E52696D82AC1F8CB00413ECA /* Wallet_WatcherUITestsLaunchTests.swift in Sources */,
				E52696D62AC1F8CB00413ECA /* Wallet_WatcherUITests.swift in Sources */,
			);
			runOnlyForDeploymentPostprocessing = 0;
		};
		E5C2ACCC2AC5E5D8008D9BE8 /* Sources */ = {
			isa = PBXSourcesBuildPhase;
			buildActionMask = 2147483647;
			files = (
				E5C2ACDC2AC5E5D8008D9BE8 /* WW_Widgets.swift in Sources */,
				E5C2ACDE2AC5E5D8008D9BE8 /* AppIntent.swift in Sources */,
				E5C2ACDA2AC5E5D8008D9BE8 /* WW_WidgetsLiveActivity.swift in Sources */,
				E5C2ACD82AC5E5D8008D9BE8 /* WW_WidgetsBundle.swift in Sources */,
			);
			runOnlyForDeploymentPostprocessing = 0;
		};
		E5C2AD002AC61BC8008D9BE8 /* Sources */ = {
			isa = PBXSourcesBuildPhase;
			buildActionMask = 2147483647;
			files = (
				E5C2AD2F2AC62B16008D9BE8 /* Expense.swift in Sources */,
				E5C2AD2D2AC62854008D9BE8 /* Wallet.swift in Sources */,
				E5C2AD0B2AC61BC8008D9BE8 /* WWWidgetsLiveActivity.swift in Sources */,
				E5C2AD352AC64B26008D9BE8 /* SmallWalletGaugeView.swift in Sources */,
				E5C2AD2E2AC62B10008D9BE8 /* QuickExpense.swift in Sources */,
				E5C2AD092AC61BC8008D9BE8 /* WWWidgetsBundle.swift in Sources */,
				E5C2AD0D2AC61BC8008D9BE8 /* WalletStatusWidget.swift in Sources */,
				E5C2AD312AC64362008D9BE8 /* WalletGaugeView.swift in Sources */,
			);
			runOnlyForDeploymentPostprocessing = 0;
		};
/* End PBXSourcesBuildPhase section */

/* Begin PBXTargetDependency section */
		E52696C92AC1F8CB00413ECA /* PBXTargetDependency */ = {
			isa = PBXTargetDependency;
			target = E52696B42AC1F8CA00413ECA /* Wallet Watcher */;
			targetProxy = E52696C82AC1F8CB00413ECA /* PBXContainerItemProxy */;
		};
		E52696D32AC1F8CB00413ECA /* PBXTargetDependency */ = {
			isa = PBXTargetDependency;
			target = E52696B42AC1F8CA00413ECA /* Wallet Watcher */;
			targetProxy = E52696D22AC1F8CB00413ECA /* PBXContainerItemProxy */;
		};
		E5C2ACE32AC5E5D9008D9BE8 /* PBXTargetDependency */ = {
			isa = PBXTargetDependency;
			target = E5C2ACCF2AC5E5D8008D9BE8 /* WW_WidgetsExtension */;
			targetProxy = E5C2ACE22AC5E5D9008D9BE8 /* PBXContainerItemProxy */;
		};
		E5C2AD122AC61BC9008D9BE8 /* PBXTargetDependency */ = {
			isa = PBXTargetDependency;
			target = E5C2AD032AC61BC8008D9BE8 /* WWWidgetsExtension */;
			targetProxy = E5C2AD112AC61BC9008D9BE8 /* PBXContainerItemProxy */;
		};
/* End PBXTargetDependency section */

/* Begin XCBuildConfiguration section */
		E52696D92AC1F8CB00413ECA /* Debug */ = {
			isa = XCBuildConfiguration;
			buildSettings = {
				ALWAYS_SEARCH_USER_PATHS = NO;
				ASSETCATALOG_COMPILER_GENERATE_SWIFT_ASSET_SYMBOL_EXTENSIONS = YES;
				CLANG_ANALYZER_NONNULL = YES;
				CLANG_ANALYZER_NUMBER_OBJECT_CONVERSION = YES_AGGRESSIVE;
				CLANG_CXX_LANGUAGE_STANDARD = "gnu++20";
				CLANG_ENABLE_MODULES = YES;
				CLANG_ENABLE_OBJC_ARC = YES;
				CLANG_ENABLE_OBJC_WEAK = YES;
				CLANG_WARN_BLOCK_CAPTURE_AUTORELEASING = YES;
				CLANG_WARN_BOOL_CONVERSION = YES;
				CLANG_WARN_COMMA = YES;
				CLANG_WARN_CONSTANT_CONVERSION = YES;
				CLANG_WARN_DEPRECATED_OBJC_IMPLEMENTATIONS = YES;
				CLANG_WARN_DIRECT_OBJC_ISA_USAGE = YES_ERROR;
				CLANG_WARN_DOCUMENTATION_COMMENTS = YES;
				CLANG_WARN_EMPTY_BODY = YES;
				CLANG_WARN_ENUM_CONVERSION = YES;
				CLANG_WARN_INFINITE_RECURSION = YES;
				CLANG_WARN_INT_CONVERSION = YES;
				CLANG_WARN_NON_LITERAL_NULL_CONVERSION = YES;
				CLANG_WARN_OBJC_IMPLICIT_RETAIN_SELF = YES;
				CLANG_WARN_OBJC_LITERAL_CONVERSION = YES;
				CLANG_WARN_OBJC_ROOT_CLASS = YES_ERROR;
				CLANG_WARN_QUOTED_INCLUDE_IN_FRAMEWORK_HEADER = YES;
				CLANG_WARN_RANGE_LOOP_ANALYSIS = YES;
				CLANG_WARN_STRICT_PROTOTYPES = YES;
				CLANG_WARN_SUSPICIOUS_MOVE = YES;
				CLANG_WARN_UNGUARDED_AVAILABILITY = YES_AGGRESSIVE;
				CLANG_WARN_UNREACHABLE_CODE = YES;
				CLANG_WARN__DUPLICATE_METHOD_MATCH = YES;
				COPY_PHASE_STRIP = NO;
				DEBUG_INFORMATION_FORMAT = dwarf;
				ENABLE_STRICT_OBJC_MSGSEND = YES;
				ENABLE_TESTABILITY = YES;
				ENABLE_USER_SCRIPT_SANDBOXING = YES;
				GCC_C_LANGUAGE_STANDARD = gnu17;
				GCC_DYNAMIC_NO_PIC = NO;
				GCC_NO_COMMON_BLOCKS = YES;
				GCC_OPTIMIZATION_LEVEL = 0;
				GCC_PREPROCESSOR_DEFINITIONS = (
					"DEBUG=1",
					"$(inherited)",
				);
				GCC_WARN_64_TO_32_BIT_CONVERSION = YES;
				GCC_WARN_ABOUT_RETURN_TYPE = YES_ERROR;
				GCC_WARN_UNDECLARED_SELECTOR = YES;
				GCC_WARN_UNINITIALIZED_AUTOS = YES_AGGRESSIVE;
				GCC_WARN_UNUSED_FUNCTION = YES;
				GCC_WARN_UNUSED_VARIABLE = YES;
				IPHONEOS_DEPLOYMENT_TARGET = 17.0;
				LOCALIZATION_PREFERS_STRING_CATALOGS = YES;
				MTL_ENABLE_DEBUG_INFO = INCLUDE_SOURCE;
				MTL_FAST_MATH = YES;
				ONLY_ACTIVE_ARCH = YES;
				SDKROOT = iphoneos;
				SWIFT_ACTIVE_COMPILATION_CONDITIONS = "DEBUG $(inherited)";
				SWIFT_OPTIMIZATION_LEVEL = "-Onone";
			};
			name = Debug;
		};
		E52696DA2AC1F8CB00413ECA /* Release */ = {
			isa = XCBuildConfiguration;
			buildSettings = {
				ALWAYS_SEARCH_USER_PATHS = NO;
				ASSETCATALOG_COMPILER_GENERATE_SWIFT_ASSET_SYMBOL_EXTENSIONS = YES;
				CLANG_ANALYZER_NONNULL = YES;
				CLANG_ANALYZER_NUMBER_OBJECT_CONVERSION = YES_AGGRESSIVE;
				CLANG_CXX_LANGUAGE_STANDARD = "gnu++20";
				CLANG_ENABLE_MODULES = YES;
				CLANG_ENABLE_OBJC_ARC = YES;
				CLANG_ENABLE_OBJC_WEAK = YES;
				CLANG_WARN_BLOCK_CAPTURE_AUTORELEASING = YES;
				CLANG_WARN_BOOL_CONVERSION = YES;
				CLANG_WARN_COMMA = YES;
				CLANG_WARN_CONSTANT_CONVERSION = YES;
				CLANG_WARN_DEPRECATED_OBJC_IMPLEMENTATIONS = YES;
				CLANG_WARN_DIRECT_OBJC_ISA_USAGE = YES_ERROR;
				CLANG_WARN_DOCUMENTATION_COMMENTS = YES;
				CLANG_WARN_EMPTY_BODY = YES;
				CLANG_WARN_ENUM_CONVERSION = YES;
				CLANG_WARN_INFINITE_RECURSION = YES;
				CLANG_WARN_INT_CONVERSION = YES;
				CLANG_WARN_NON_LITERAL_NULL_CONVERSION = YES;
				CLANG_WARN_OBJC_IMPLICIT_RETAIN_SELF = YES;
				CLANG_WARN_OBJC_LITERAL_CONVERSION = YES;
				CLANG_WARN_OBJC_ROOT_CLASS = YES_ERROR;
				CLANG_WARN_QUOTED_INCLUDE_IN_FRAMEWORK_HEADER = YES;
				CLANG_WARN_RANGE_LOOP_ANALYSIS = YES;
				CLANG_WARN_STRICT_PROTOTYPES = YES;
				CLANG_WARN_SUSPICIOUS_MOVE = YES;
				CLANG_WARN_UNGUARDED_AVAILABILITY = YES_AGGRESSIVE;
				CLANG_WARN_UNREACHABLE_CODE = YES;
				CLANG_WARN__DUPLICATE_METHOD_MATCH = YES;
				COPY_PHASE_STRIP = NO;
				DEBUG_INFORMATION_FORMAT = "dwarf-with-dsym";
				ENABLE_NS_ASSERTIONS = NO;
				ENABLE_STRICT_OBJC_MSGSEND = YES;
				ENABLE_USER_SCRIPT_SANDBOXING = YES;
				GCC_C_LANGUAGE_STANDARD = gnu17;
				GCC_NO_COMMON_BLOCKS = YES;
				GCC_WARN_64_TO_32_BIT_CONVERSION = YES;
				GCC_WARN_ABOUT_RETURN_TYPE = YES_ERROR;
				GCC_WARN_UNDECLARED_SELECTOR = YES;
				GCC_WARN_UNINITIALIZED_AUTOS = YES_AGGRESSIVE;
				GCC_WARN_UNUSED_FUNCTION = YES;
				GCC_WARN_UNUSED_VARIABLE = YES;
				IPHONEOS_DEPLOYMENT_TARGET = 17.0;
				LOCALIZATION_PREFERS_STRING_CATALOGS = YES;
				MTL_ENABLE_DEBUG_INFO = NO;
				MTL_FAST_MATH = YES;
				SDKROOT = iphoneos;
				SWIFT_COMPILATION_MODE = wholemodule;
				VALIDATE_PRODUCT = YES;
			};
			name = Release;
		};
		E52696DC2AC1F8CB00413ECA /* Debug */ = {
			isa = XCBuildConfiguration;
			buildSettings = {
				ALWAYS_EMBED_SWIFT_STANDARD_LIBRARIES = YES;
				ASSETCATALOG_COMPILER_APPICON_NAME = AppIcon;
				ASSETCATALOG_COMPILER_GLOBAL_ACCENT_COLOR_NAME = AccentColor;
				CODE_SIGN_ENTITLEMENTS = "Wallet Watcher/Wallet Watcher.entitlements";
				CODE_SIGN_STYLE = Automatic;
				CURRENT_PROJECT_VERSION = 1;
				DEVELOPMENT_ASSET_PATHS = "\"Wallet Watcher/Preview Content\"";
				DEVELOPMENT_TEAM = WYX8JDTD8K;
				ENABLE_PREVIEWS = YES;
				GENERATE_INFOPLIST_FILE = YES;
				INFOPLIST_FILE = "Wallet-Watcher-Info.plist";
				INFOPLIST_KEY_CFBundleDisplayName = "Wallet Watcher";
				INFOPLIST_KEY_LSApplicationCategoryType = "public.app-category.finance";
				INFOPLIST_KEY_UIApplicationSceneManifest_Generation = YES;
				INFOPLIST_KEY_UIApplicationSupportsIndirectInputEvents = YES;
				INFOPLIST_KEY_UILaunchStoryboardName = "";
				INFOPLIST_KEY_UISupportedInterfaceOrientations_iPad = "UIInterfaceOrientationPortrait UIInterfaceOrientationPortraitUpsideDown UIInterfaceOrientationLandscapeLeft UIInterfaceOrientationLandscapeRight";
				INFOPLIST_KEY_UISupportedInterfaceOrientations_iPhone = "UIInterfaceOrientationPortrait UIInterfaceOrientationLandscapeLeft UIInterfaceOrientationLandscapeRight";
				IPHONEOS_DEPLOYMENT_TARGET = 17.0;
				LD_RUNPATH_SEARCH_PATHS = (
					"$(inherited)",
					"@executable_path/Frameworks",
				);
				MARKETING_VERSION = 1.0;
				PRODUCT_BUNDLE_IDENTIFIER = "com.RocketGimbalStudios.Wallet-Watcher";
				PRODUCT_NAME = "$(TARGET_NAME)";
				SWIFT_EMIT_LOC_STRINGS = YES;
				SWIFT_VERSION = 5.0;
				TARGETED_DEVICE_FAMILY = "1,2";
			};
			name = Debug;
		};
		E52696DD2AC1F8CB00413ECA /* Release */ = {
			isa = XCBuildConfiguration;
			buildSettings = {
				ALWAYS_EMBED_SWIFT_STANDARD_LIBRARIES = YES;
				ASSETCATALOG_COMPILER_APPICON_NAME = AppIcon;
				ASSETCATALOG_COMPILER_GLOBAL_ACCENT_COLOR_NAME = AccentColor;
				CODE_SIGN_ENTITLEMENTS = "Wallet Watcher/Wallet Watcher.entitlements";
				CODE_SIGN_STYLE = Automatic;
				CURRENT_PROJECT_VERSION = 1;
				DEVELOPMENT_ASSET_PATHS = "\"Wallet Watcher/Preview Content\"";
				DEVELOPMENT_TEAM = WYX8JDTD8K;
				ENABLE_PREVIEWS = YES;
				GENERATE_INFOPLIST_FILE = YES;
				INFOPLIST_FILE = "Wallet-Watcher-Info.plist";
				INFOPLIST_KEY_CFBundleDisplayName = "Wallet Watcher";
				INFOPLIST_KEY_LSApplicationCategoryType = "public.app-category.finance";
				INFOPLIST_KEY_UIApplicationSceneManifest_Generation = YES;
				INFOPLIST_KEY_UIApplicationSupportsIndirectInputEvents = YES;
				INFOPLIST_KEY_UILaunchStoryboardName = "";
				INFOPLIST_KEY_UISupportedInterfaceOrientations_iPad = "UIInterfaceOrientationPortrait UIInterfaceOrientationPortraitUpsideDown UIInterfaceOrientationLandscapeLeft UIInterfaceOrientationLandscapeRight";
				INFOPLIST_KEY_UISupportedInterfaceOrientations_iPhone = "UIInterfaceOrientationPortrait UIInterfaceOrientationLandscapeLeft UIInterfaceOrientationLandscapeRight";
				IPHONEOS_DEPLOYMENT_TARGET = 17.0;
				LD_RUNPATH_SEARCH_PATHS = (
					"$(inherited)",
					"@executable_path/Frameworks",
				);
				MARKETING_VERSION = 1.0;
				PRODUCT_BUNDLE_IDENTIFIER = "com.RocketGimbalStudios.Wallet-Watcher";
				PRODUCT_NAME = "$(TARGET_NAME)";
				SWIFT_EMIT_LOC_STRINGS = YES;
				SWIFT_VERSION = 5.0;
				TARGETED_DEVICE_FAMILY = "1,2";
			};
			name = Release;
		};
		E52696DF2AC1F8CB00413ECA /* Debug */ = {
			isa = XCBuildConfiguration;
			buildSettings = {
				ALWAYS_EMBED_SWIFT_STANDARD_LIBRARIES = YES;
				BUNDLE_LOADER = "$(TEST_HOST)";
				CODE_SIGN_STYLE = Automatic;
				CURRENT_PROJECT_VERSION = 1;
				DEVELOPMENT_TEAM = WYX8JDTD8K;
				GENERATE_INFOPLIST_FILE = YES;
				IPHONEOS_DEPLOYMENT_TARGET = 17.0;
				MARKETING_VERSION = 1.0;
				PRODUCT_BUNDLE_IDENTIFIER = "com.RocketGimbalStudios.Wallet-WatcherTests";
				PRODUCT_NAME = "$(TARGET_NAME)";
				SWIFT_EMIT_LOC_STRINGS = NO;
				SWIFT_VERSION = 5.0;
				TARGETED_DEVICE_FAMILY = "1,2";
				TEST_HOST = "$(BUILT_PRODUCTS_DIR)/Wallet Watcher.app/$(BUNDLE_EXECUTABLE_FOLDER_PATH)/Wallet Watcher";
			};
			name = Debug;
		};
		E52696E02AC1F8CB00413ECA /* Release */ = {
			isa = XCBuildConfiguration;
			buildSettings = {
				ALWAYS_EMBED_SWIFT_STANDARD_LIBRARIES = YES;
				BUNDLE_LOADER = "$(TEST_HOST)";
				CODE_SIGN_STYLE = Automatic;
				CURRENT_PROJECT_VERSION = 1;
				DEVELOPMENT_TEAM = WYX8JDTD8K;
				GENERATE_INFOPLIST_FILE = YES;
				IPHONEOS_DEPLOYMENT_TARGET = 17.0;
				MARKETING_VERSION = 1.0;
				PRODUCT_BUNDLE_IDENTIFIER = "com.RocketGimbalStudios.Wallet-WatcherTests";
				PRODUCT_NAME = "$(TARGET_NAME)";
				SWIFT_EMIT_LOC_STRINGS = NO;
				SWIFT_VERSION = 5.0;
				TARGETED_DEVICE_FAMILY = "1,2";
				TEST_HOST = "$(BUILT_PRODUCTS_DIR)/Wallet Watcher.app/$(BUNDLE_EXECUTABLE_FOLDER_PATH)/Wallet Watcher";
			};
			name = Release;
		};
		E52696E22AC1F8CB00413ECA /* Debug */ = {
			isa = XCBuildConfiguration;
			buildSettings = {
				ALWAYS_EMBED_SWIFT_STANDARD_LIBRARIES = YES;
				CODE_SIGN_STYLE = Automatic;
				CURRENT_PROJECT_VERSION = 1;
				DEVELOPMENT_TEAM = WYX8JDTD8K;
				GENERATE_INFOPLIST_FILE = YES;
				MARKETING_VERSION = 1.0;
				PRODUCT_BUNDLE_IDENTIFIER = "com.RocketGimbalStudios.Wallet-WatcherUITests";
				PRODUCT_NAME = "$(TARGET_NAME)";
				SWIFT_EMIT_LOC_STRINGS = NO;
				SWIFT_VERSION = 5.0;
				TARGETED_DEVICE_FAMILY = "1,2";
				TEST_TARGET_NAME = "Wallet Watcher";
			};
			name = Debug;
		};
		E52696E32AC1F8CB00413ECA /* Release */ = {
			isa = XCBuildConfiguration;
			buildSettings = {
				ALWAYS_EMBED_SWIFT_STANDARD_LIBRARIES = YES;
				CODE_SIGN_STYLE = Automatic;
				CURRENT_PROJECT_VERSION = 1;
				DEVELOPMENT_TEAM = WYX8JDTD8K;
				GENERATE_INFOPLIST_FILE = YES;
				MARKETING_VERSION = 1.0;
				PRODUCT_BUNDLE_IDENTIFIER = "com.RocketGimbalStudios.Wallet-WatcherUITests";
				PRODUCT_NAME = "$(TARGET_NAME)";
				SWIFT_EMIT_LOC_STRINGS = NO;
				SWIFT_VERSION = 5.0;
				TARGETED_DEVICE_FAMILY = "1,2";
				TEST_TARGET_NAME = "Wallet Watcher";
			};
			name = Release;
		};
		E5C2ACE62AC5E5D9008D9BE8 /* Debug */ = {
			isa = XCBuildConfiguration;
			buildSettings = {
				ASSETCATALOG_COMPILER_GLOBAL_ACCENT_COLOR_NAME = AccentColor;
				ASSETCATALOG_COMPILER_WIDGET_BACKGROUND_COLOR_NAME = WidgetBackground;
				CODE_SIGN_STYLE = Automatic;
				CURRENT_PROJECT_VERSION = 1;
				DEVELOPMENT_TEAM = WYX8JDTD8K;
				GENERATE_INFOPLIST_FILE = YES;
				INFOPLIST_FILE = WW_Widgets/Info.plist;
				INFOPLIST_KEY_CFBundleDisplayName = WW_Widgets;
				INFOPLIST_KEY_NSHumanReadableCopyright = "";
				LD_RUNPATH_SEARCH_PATHS = (
					"$(inherited)",
					"@executable_path/Frameworks",
					"@executable_path/../../Frameworks",
				);
				MARKETING_VERSION = 1.0;
				PRODUCT_BUNDLE_IDENTIFIER = "com.RocketGimbalStudios.Wallet-Watcher.WW-Widgets";
				PRODUCT_NAME = "$(TARGET_NAME)";
				SKIP_INSTALL = YES;
				SWIFT_EMIT_LOC_STRINGS = YES;
				SWIFT_VERSION = 5.0;
				TARGETED_DEVICE_FAMILY = "1,2";
			};
			name = Debug;
		};
		E5C2ACE72AC5E5D9008D9BE8 /* Release */ = {
			isa = XCBuildConfiguration;
			buildSettings = {
				ASSETCATALOG_COMPILER_GLOBAL_ACCENT_COLOR_NAME = AccentColor;
				ASSETCATALOG_COMPILER_WIDGET_BACKGROUND_COLOR_NAME = WidgetBackground;
				CODE_SIGN_STYLE = Automatic;
				CURRENT_PROJECT_VERSION = 1;
				DEVELOPMENT_TEAM = WYX8JDTD8K;
				GENERATE_INFOPLIST_FILE = YES;
				INFOPLIST_FILE = WW_Widgets/Info.plist;
				INFOPLIST_KEY_CFBundleDisplayName = WW_Widgets;
				INFOPLIST_KEY_NSHumanReadableCopyright = "";
				LD_RUNPATH_SEARCH_PATHS = (
					"$(inherited)",
					"@executable_path/Frameworks",
					"@executable_path/../../Frameworks",
				);
				MARKETING_VERSION = 1.0;
				PRODUCT_BUNDLE_IDENTIFIER = "com.RocketGimbalStudios.Wallet-Watcher.WW-Widgets";
				PRODUCT_NAME = "$(TARGET_NAME)";
				SKIP_INSTALL = YES;
				SWIFT_EMIT_LOC_STRINGS = YES;
				SWIFT_VERSION = 5.0;
				TARGETED_DEVICE_FAMILY = "1,2";
			};
			name = Release;
		};
		E5C2AD142AC61BC9008D9BE8 /* Debug */ = {
			isa = XCBuildConfiguration;
			buildSettings = {
				ASSETCATALOG_COMPILER_GLOBAL_ACCENT_COLOR_NAME = AccentColor;
				ASSETCATALOG_COMPILER_WIDGET_BACKGROUND_COLOR_NAME = WidgetBackground;
				CODE_SIGN_ENTITLEMENTS = WWWidgetsExtension.entitlements;
				CODE_SIGN_STYLE = Automatic;
				CURRENT_PROJECT_VERSION = 1;
				DEVELOPMENT_TEAM = WYX8JDTD8K;
				GENERATE_INFOPLIST_FILE = YES;
				INFOPLIST_FILE = WWWidgets/Info.plist;
				INFOPLIST_KEY_CFBundleDisplayName = WWWidgets;
				INFOPLIST_KEY_NSHumanReadableCopyright = "";
				LD_RUNPATH_SEARCH_PATHS = (
					"$(inherited)",
					"@executable_path/Frameworks",
					"@executable_path/../../Frameworks",
				);
				MARKETING_VERSION = 1.0;
				PRODUCT_BUNDLE_IDENTIFIER = "com.RocketGimbalStudios.Wallet-Watcher.WWWidgets";
				PRODUCT_NAME = "$(TARGET_NAME)";
				SKIP_INSTALL = YES;
				SWIFT_EMIT_LOC_STRINGS = YES;
				SWIFT_VERSION = 5.0;
				TARGETED_DEVICE_FAMILY = "1,2";
			};
			name = Debug;
		};
		E5C2AD152AC61BC9008D9BE8 /* Release */ = {
			isa = XCBuildConfiguration;
			buildSettings = {
				ASSETCATALOG_COMPILER_GLOBAL_ACCENT_COLOR_NAME = AccentColor;
				ASSETCATALOG_COMPILER_WIDGET_BACKGROUND_COLOR_NAME = WidgetBackground;
				CODE_SIGN_ENTITLEMENTS = WWWidgetsExtension.entitlements;
				CODE_SIGN_STYLE = Automatic;
				CURRENT_PROJECT_VERSION = 1;
				DEVELOPMENT_TEAM = WYX8JDTD8K;
				GENERATE_INFOPLIST_FILE = YES;
				INFOPLIST_FILE = WWWidgets/Info.plist;
				INFOPLIST_KEY_CFBundleDisplayName = WWWidgets;
				INFOPLIST_KEY_NSHumanReadableCopyright = "";
				LD_RUNPATH_SEARCH_PATHS = (
					"$(inherited)",
					"@executable_path/Frameworks",
					"@executable_path/../../Frameworks",
				);
				MARKETING_VERSION = 1.0;
				PRODUCT_BUNDLE_IDENTIFIER = "com.RocketGimbalStudios.Wallet-Watcher.WWWidgets";
				PRODUCT_NAME = "$(TARGET_NAME)";
				SKIP_INSTALL = YES;
				SWIFT_EMIT_LOC_STRINGS = YES;
				SWIFT_VERSION = 5.0;
				TARGETED_DEVICE_FAMILY = "1,2";
			};
			name = Release;
		};
/* End XCBuildConfiguration section */

/* Begin XCConfigurationList section */
		E52696B02AC1F8CA00413ECA /* Build configuration list for PBXProject "Wallet Watcher" */ = {
			isa = XCConfigurationList;
			buildConfigurations = (
				E52696D92AC1F8CB00413ECA /* Debug */,
				E52696DA2AC1F8CB00413ECA /* Release */,
			);
			defaultConfigurationIsVisible = 0;
			defaultConfigurationName = Release;
		};
		E52696DB2AC1F8CB00413ECA /* Build configuration list for PBXNativeTarget "Wallet Watcher" */ = {
			isa = XCConfigurationList;
			buildConfigurations = (
				E52696DC2AC1F8CB00413ECA /* Debug */,
				E52696DD2AC1F8CB00413ECA /* Release */,
			);
			defaultConfigurationIsVisible = 0;
			defaultConfigurationName = Release;
		};
		E52696DE2AC1F8CB00413ECA /* Build configuration list for PBXNativeTarget "Wallet WatcherTests" */ = {
			isa = XCConfigurationList;
			buildConfigurations = (
				E52696DF2AC1F8CB00413ECA /* Debug */,
				E52696E02AC1F8CB00413ECA /* Release */,
			);
			defaultConfigurationIsVisible = 0;
			defaultConfigurationName = Release;
		};
		E52696E12AC1F8CB00413ECA /* Build configuration list for PBXNativeTarget "Wallet WatcherUITests" */ = {
			isa = XCConfigurationList;
			buildConfigurations = (
				E52696E22AC1F8CB00413ECA /* Debug */,
				E52696E32AC1F8CB00413ECA /* Release */,
			);
			defaultConfigurationIsVisible = 0;
			defaultConfigurationName = Release;
		};
		E5C2ACE82AC5E5D9008D9BE8 /* Build configuration list for PBXNativeTarget "WW_WidgetsExtension" */ = {
			isa = XCConfigurationList;
			buildConfigurations = (
				E5C2ACE62AC5E5D9008D9BE8 /* Debug */,
				E5C2ACE72AC5E5D9008D9BE8 /* Release */,
			);
			defaultConfigurationIsVisible = 0;
			defaultConfigurationName = Release;
		};
		E5C2AD162AC61BC9008D9BE8 /* Build configuration list for PBXNativeTarget "WWWidgetsExtension" */ = {
			isa = XCConfigurationList;
			buildConfigurations = (
				E5C2AD142AC61BC9008D9BE8 /* Debug */,
				E5C2AD152AC61BC9008D9BE8 /* Release */,
			);
			defaultConfigurationIsVisible = 0;
			defaultConfigurationName = Release;
		};
/* End XCConfigurationList section */
	};
	rootObject = E52696AD2AC1F8CA00413ECA /* Project object */;
}
